
Microsoft Visual Studio Solution File, Format Version 12.00
# Visual Studio Version 16
VisualStudioVersion = 16.0.30413.136
MinimumVisualStudioVersion = 10.0.40219.1
Project("{8BC9CEB8-8B4A-11D0-8D11-00A0C91BC942}") = "Core", "Core\Core.vcxproj", "{09BFC76E-822F-4496-96D0-329FAF4943AD}"
EndProject
Project("{8BC9CEB8-8B4A-11D0-8D11-00A0C91BC942}") = "Executable", "Executable\Executable.vcxproj", "{B7119B0D-7935-4399-BD39-E883EC490601}"
	ProjectSection(ProjectDependencies) = postProject
		{09BFC76E-822F-4496-96D0-329FAF4943AD} = {09BFC76E-822F-4496-96D0-329FAF4943AD}
		{CF8E5899-0AF5-48A9-A34D-C59700C5959B} = {CF8E5899-0AF5-48A9-A34D-C59700C5959B}
	EndProjectSection
EndProject
Project("{8BC9CEB8-8B4A-11D0-8D11-00A0C91BC942}") = "Renderer", "Renderer\Renderer.vcxproj", "{CF8E5899-0AF5-48A9-A34D-C59700C5959B}"
	ProjectSection(ProjectDependencies) = postProject
		{09BFC76E-822F-4496-96D0-329FAF4943AD} = {09BFC76E-822F-4496-96D0-329FAF4943AD}
	EndProjectSection
EndProject
Global
	GlobalSection(SolutionConfigurationPlatforms) = preSolution
		Debug|x64 = Debug|x64
		Debug|x86 = Debug|x86
		Release|x64 = Release|x64
		Release|x86 = Release|x86
	EndGlobalSection
	GlobalSection(ProjectConfigurationPlatforms) = postSolution
		{09BFC76E-822F-4496-96D0-329FAF4943AD}.Debug|x64.ActiveCfg = Debug|x64
		{09BFC76E-822F-4496-96D0-329FAF4943AD}.Debug|x64.Build.0 = Debug|x64
		{09BFC76E-822F-4496-96D0-329FAF4943AD}.Debug|x86.ActiveCfg = Debug|Win32
		{09BFC76E-822F-4496-96D0-329FAF4943AD}.Debug|x86.Build.0 = Debug|Win32
		{09BFC76E-822F-4496-96D0-329FAF4943AD}.Release|x64.ActiveCfg = Release|x64
		{09BFC76E-822F-4496-96D0-329FAF4943AD}.Release|x64.Build.0 = Release|x64
		{09BFC76E-822F-4496-96D0-329FAF4943AD}.Release|x86.ActiveCfg = Release|Win32
		{09BFC76E-822F-4496-96D0-329FAF4943AD}.Release|x86.Build.0 = Release|Win32
		{B7119B0D-7935-4399-BD39-E883EC490601}.Debug|x64.ActiveCfg = Debug|x64
		{B7119B0D-7935-4399-BD39-E883EC490601}.Debug|x64.Build.0 = Debug|x64
		{B7119B0D-7935-4399-BD39-E883EC490601}.Debug|x86.ActiveCfg = Debug|Win32
		{B7119B0D-7935-4399-BD39-E883EC490601}.Debug|x86.Build.0 = Debug|Win32
		{B7119B0D-7935-4399-BD39-E883EC490601}.Release|x64.ActiveCfg = Release|x64
		{B7119B0D-7935-4399-BD39-E883EC490601}.Release|x64.Build.0 = Release|x64
		{B7119B0D-7935-4399-BD39-E883EC490601}.Release|x86.ActiveCfg = Release|Win32
		{B7119B0D-7935-4399-BD39-E883EC490601}.Release|x86.Build.0 = Release|Win32
		{CF8E5899-0AF5-48A9-A34D-C59700C5959B}.Debug|x64.ActiveCfg = Debug|x64
		{CF8E5899-0AF5-48A9-A34D-C59700C5959B}.Debug|x64.Build.0 = Debug|x64
		{CF8E5899-0AF5-48A9-A34D-C59700C5959B}.Debug|x86.ActiveCfg = Debug|Win32
		{CF8E5899-0AF5-48A9-A34D-C59700C5959B}.Debug|x86.Build.0 = Debug|Win32
		{CF8E5899-0AF5-48A9-A34D-C59700C5959B}.Release|x64.ActiveCfg = Release|x64
		{CF8E5899-0AF5-48A9-A34D-C59700C5959B}.Release|x64.Build.0 = Release|x64
		{CF8E5899-0AF5-48A9-A34D-C59700C5959B}.Release|x86.ActiveCfg = Release|Win32
		{CF8E5899-0AF5-48A9-A34D-C59700C5959B}.Release|x86.Build.0 = Release|Win32
	EndGlobalSection
	GlobalSection(SolutionProperties) = preSolution
		HideSolutionNode = FALSE
	EndGlobalSection
	GlobalSection(ExtensibilityGlobals) = postSolution
		SolutionGuid = {14645363-8F6C-4A65-8BD8-3F6BF7A53B11}
	EndGlobalSection
EndGlobal
