<?xml version="1.0" encoding="utf-8"?>
<Project ToolsVersion="4.0" xmlns="http://schemas.microsoft.com/developer/msbuild/2003">
  <ItemGroup>
    <Filter Include="Source Files">
      <UniqueIdentifier>{4FC737F1-C7A5-4376-A066-2A32D752A2FF}</UniqueIdentifier>
      <Extensions>cpp;c;cc;cxx;c++;cppm;ixx;def;odl;idl;hpj;bat;asm;asmx</Extensions>
    </Filter>
    <Filter Include="Header Files">
      <UniqueIdentifier>{93995380-89BD-4b04-88EB-625FBE52EBFB}</UniqueIdentifier>
      <Extensions>h;hh;hpp;hxx;h++;hm;inl;inc;ipp;xsd</Extensions>
    </Filter>
    <Filter Include="Resource Files">
      <UniqueIdentifier>{67DA6AB6-F800-4c08-8B7A-83BB121AAD01}</UniqueIdentifier>
      <Extensions>rc;ico;cur;bmp;dlg;rc2;rct;bin;rgs;gif;jpg;jpeg;jpe;resx;tiff;tif;png;wav;mfcribbon-ms</Extensions>
    </Filter>
  </ItemGroup>
  <ItemGroup>
    <ClInclude Include="Library\Algorithms\Hash.h">
      <Filter>Header Files</Filter>
    </ClInclude>
    <ClInclude Include="Library\Containers\Array.h">
      <Filter>Header Files</Filter>
    </ClInclude>
    <ClInclude Include="Library\Containers\Deque.h">
      <Filter>Header Files</Filter>
    </ClInclude>
    <ClInclude Include="Library\Containers\Iterator.h">
      <Filter>Header Files</Filter>
    </ClInclude>
    <ClInclude Include="Library\Containers\List.h">
      <Filter>Header Files</Filter>
    </ClInclude>
    <ClInclude Include="Library\Containers\Map.h">
      <Filter>Header Files</Filter>
    </ClInclude>
    <ClInclude Include="Library\Containers\Pair.h">
      <Filter>Header Files</Filter>
    </ClInclude>
    <ClInclude Include="Library\Containers\Queue.h">
      <Filter>Header Files</Filter>
    </ClInclude>
    <ClInclude Include="Library\Containers\String.h">
      <Filter>Header Files</Filter>
    </ClInclude>
    <ClInclude Include="Library\Containers\Tuple.h">
      <Filter>Header Files</Filter>
    </ClInclude>
    <ClInclude Include="Library\Templates\Templates.h">
      <Filter>Header Files</Filter>
    </ClInclude>
    <ClInclude Include="Platform\EngineAPI.h">
      <Filter>Header Files</Filter>
    </ClInclude>
    <ClInclude Include="Platform\Minimal.h">
      <Filter>Header Files</Filter>
    </ClInclude>
    <ClInclude Include="SubSystem\Resource\ResourceManager.h">
      <Filter>Header Files</Filter>
    </ClInclude>
    <ClInclude Include="SubSystem\Time\ScopedTimer.h">
      <Filter>Header Files</Filter>
    </ClInclude>
    <ClInclude Include="Library\Random\Xoroshiro.h">
      <Filter>Header Files</Filter>
    </ClInclude>
    <ClInclude Include="SubSystem\Time\SystemClock.h">
      <Filter>Header Files</Filter>
    </ClInclude>
    <ClInclude Include="Library\Math\Vec2.h">
      <Filter>Header Files</Filter>
    </ClInclude>
    <ClInclude Include="Library\Math\Vec3.h">
      <Filter>Header Files</Filter>
    </ClInclude>
    <ClInclude Include="Library\Math\Vec4.h">
      <Filter>Header Files</Filter>
    </ClInclude>
    <ClInclude Include="Library\Math\Mat3.h">
      <Filter>Header Files</Filter>
    </ClInclude>
    <ClInclude Include="Library\Math\Math.h">
      <Filter>Header Files</Filter>
    </ClInclude>
    <ClInclude Include="Library\Math\Mat4.h">
      <Filter>Header Files</Filter>
    </ClInclude>
    <ClInclude Include="SubSystem\Thread\Thread.h">
      <Filter>Header Files</Filter>
    </ClInclude>
    <ClInclude Include="Platform\Sync\Sync.h">
      <Filter>Header Files</Filter>
    </ClInclude>
    <ClInclude Include="SubSystem\Thread\ThreadPool.h">
      <Filter>Header Files</Filter>
    </ClInclude>
    <ClInclude Include="Platform\OS\Win.h">
      <Filter>Header Files</Filter>
    </ClInclude>
    <ClInclude Include="SubSystem\Input\IO.h">
      <Filter>Header Files</Filter>
    </ClInclude>
    <ClInclude Include="Library\Containers\Path.h">
      <Filter>Header Files</Filter>
    </ClInclude>
    <ClInclude Include="SubSystem\Resource\Handle.h">
      <Filter>Header Files</Filter>
    </ClInclude>
    <ClInclude Include="Engine\Private\Abstraction.h">
      <Filter>Header Files</Filter>
    </ClInclude>
    <ClInclude Include="Engine\Interface.h">
      <Filter>Header Files</Filter>
    </ClInclude>
    <ClInclude Include="Engine\Private\Prototype.h">
      <Filter>Header Files</Filter>
    </ClInclude>
    <ClInclude Include="Library\Math\MatrixFuncs.h">
      <Filter>Header Files</Filter>
    </ClInclude>
    <ClInclude Include="Library\Math\Quaternion.h">
      <Filter>Header Files</Filter>
    </ClInclude>
    <ClInclude Include="Library\Stream\Ifstream.h">
      <Filter>Header Files</Filter>
    </ClInclude>
    <ClInclude Include="Library\Stream\Ofstream.h">
      <Filter>Header Files</Filter>
    </ClInclude>
    <ClInclude Include="Library\Memory\Memory.h">
      <Filter>Header Files</Filter>
    </ClInclude>
    <ClInclude Include="Library\Templates\Types.h">
      <Filter>Header Files</Filter>
    </ClInclude>
    <ClInclude Include="Engine\Private\System.h">
      <Filter>Header Files</Filter>
    </ClInclude>
    <ClInclude Include="SubSystem\Game\GameApp.h">
      <Filter>Header Files</Filter>
    </ClInclude>
    <ClInclude Include="SubSystem\Game\GameAppManager.h">
      <Filter>Header Files</Filter>
    </ClInclude>
    <ClInclude Include="Library\Allocators\LinearAllocator.h">
      <Filter>Header Files</Filter>
    </ClInclude>
    <ClInclude Include="Library\Algorithms\Tokenizer.h">
      <Filter>Header Files</Filter>
    </ClInclude>
    <ClInclude Include="Library\Containers\Bitset.h">
      <Filter>Header Files</Filter>
    </ClInclude>
  </ItemGroup>
  <ItemGroup>
    <ClCompile Include="Library\Algorithms\Hash.cpp">
      <Filter>Source Files</Filter>
    </ClCompile>
    <ClCompile Include="Platform\Sync\Sync.cpp">
      <Filter>Source Files</Filter>
    </ClCompile>
    <ClCompile Include="SubSystem\Thread\ThreadPool.cpp">
      <Filter>Source Files</Filter>
    </ClCompile>
    <ClCompile Include="Platform\OS\Win.cpp">
      <Filter>Source Files</Filter>
    </ClCompile>
    <ClCompile Include="SubSystem\Input\IO.cpp">
      <Filter>Source Files</Filter>
    </ClCompile>
    <ClCompile Include="SubSystem\Resource\ResourceManager.cpp">
      <Filter>Source Files</Filter>
    </ClCompile>
    <ClCompile Include="Engine\Private\Abstraction.cpp">
      <Filter>Source Files</Filter>
    </ClCompile>
    <ClCompile Include="Library\Math\Math.cpp">
      <Filter>Source Files</Filter>
    </ClCompile>
    <ClCompile Include="Library\Stream\Ifstream.cpp">
      <Filter>Source Files</Filter>
    </ClCompile>
    <ClCompile Include="Library\Stream\Ofstream.cpp">
      <Filter>Source Files</Filter>
    </ClCompile>
    <ClCompile Include="Library\Memory\Memory.cpp">
      <Filter>Source Files</Filter>
    </ClCompile>
    <ClCompile Include="Engine\Private\Instance.cpp">
      <Filter>Source Files</Filter>
    </ClCompile>
    <ClCompile Include="Engine\Interface.cpp">
      <Filter>Source Files</Filter>
    </ClCompile>
    <ClCompile Include="dllmain.cpp">
      <Filter>Source Files</Filter>
    </ClCompile>
    <ClCompile Include="Engine\Private\System.cpp">
      <Filter>Source Files</Filter>
    </ClCompile>
    <ClCompile Include="SubSystem\Game\GameAppManager.cpp">
      <Filter>Source Files</Filter>
    </ClCompile>
  </ItemGroup>
  <ItemGroup>
    <None Include="Library\Math\Vec2.inl">
      <Filter>Header Files</Filter>
    </None>
    <None Include="Library\Math\Vec3.inl">
      <Filter>Header Files</Filter>
    </None>
    <None Include="Library\Math\Vec4.inl">
      <Filter>Header Files</Filter>
    </None>
    <None Include="Library\Math\Mat3.inl">
      <Filter>Header Files</Filter>
    </None>
    <None Include="Library\Math\Math.inl">
      <Filter>Header Files</Filter>
    </None>
    <None Include="Library\Math\Mat4.inl">
      <Filter>Header Files</Filter>
    </None>
    <None Include="Library\Math\Quaternion.inl">
      <Filter>Header Files</Filter>
    </None>
    <None Include="Library\Math\MatrixFuncs.inl">
      <Filter>Header Files</Filter>
    </None>
    <None Include="cpp.hint" />
    <None Include="Engine\Private\System.inl">
      <Filter>Header Files</Filter>
    </None>
    <None Include="SubSystem\Game\GameAppManager.inl">
      <Filter>Header Files</Filter>
    </None>
  </ItemGroup>
  <ItemGroup>
    <Natvis Include="Orion.natvis" />
  </ItemGroup>
</Project>