<?xml version="1.0" encoding="utf-8"?>
<Project ToolsVersion="4.0" xmlns="http://schemas.microsoft.com/developer/msbuild/2003">
  <ItemGroup>
    <Filter Include="Source Files">
      <UniqueIdentifier>{4FC737F1-C7A5-4376-A066-2A32D752A2FF}</UniqueIdentifier>
      <Extensions>cpp;c;cc;cxx;c++;cppm;ixx;def;odl;idl;hpj;bat;asm;asmx</Extensions>
    </Filter>
    <Filter Include="Header Files">
      <UniqueIdentifier>{93995380-89BD-4b04-88EB-625FBE52EBFB}</UniqueIdentifier>
      <Extensions>h;hh;hpp;hxx;h++;hm;inl;inc;ipp;xsd</Extensions>
    </Filter>
    <Filter Include="Resource Files">
      <UniqueIdentifier>{67DA6AB6-F800-4c08-8B7A-83BB121AAD01}</UniqueIdentifier>
      <Extensions>rc;ico;cur;bmp;dlg;rc2;rct;bin;rgs;gif;jpg;jpeg;jpe;resx;tiff;tif;png;wav;mfcribbon-ms</Extensions>
    </Filter>
  </ItemGroup>
  <ItemGroup>
    <ClCompile Include="dllmain.cpp">
      <Filter>Source Files</Filter>
    </ClCompile>
    <ClCompile Include="API\Vk\VulkanFunctions.cpp">
      <Filter>Source Files</Filter>
    </ClCompile>
    <ClCompile Include="Renderer.cpp">
      <Filter>Source Files</Filter>
    </ClCompile>
    <ClCompile Include="API\Vk\VulkanDriver.cpp">
      <Filter>Source Files</Filter>
    </ClCompile>
    <ClCompile Include="API\Vk\ShaderToSPIRVCompiler.cpp">
      <Filter>Source Files</Filter>
    </ClCompile>
    <ClCompile Include="Assets\Assets.cpp">
      <Filter>Source Files</Filter>
    </ClCompile>
    <ClCompile Include="API\Context.cpp">
      <Filter>Source Files</Filter>
    </ClCompile>
    <ClCompile Include="API\Vk\Vk.cpp">
      <Filter>Source Files</Filter>
    </ClCompile>
    <ClCompile Include="External\stb\stb_image.cpp">
      <Filter>Source Files</Filter>
    </ClCompile>
    <ClCompile Include="External\cgltf\cgltf.cpp">
      <Filter>Source Files</Filter>
    </ClCompile>
    <ClCompile Include="RenderAbstracts\DescriptorSets.cpp">
      <Filter>Source Files</Filter>
    </ClCompile>
    <ClCompile Include="RenderAbstracts\FrameGraph.cpp">
      <Filter>Source Files</Filter>
    </ClCompile>
    <ClCompile Include="RenderAbstracts\GPUMemory.cpp">
      <Filter>Source Files</Filter>
    </ClCompile>
    <ClCompile Include="Assets\Importer.cpp">
      <Filter>Source Files</Filter>
    </ClCompile>
    <ClCompile Include="RenderAbstracts\RenderMemory.cpp">
      <Filter>Source Files</Filter>
    </ClCompile>
    <ClCompile Include="API\Vk\Src\spirv_reflect.c">
      <Filter>Source Files</Filter>
    </ClCompile>
  </ItemGroup>
  <ItemGroup>
    <ClInclude Include="API\Vk\VulkanFunctions.h">
      <Filter>Header Files</Filter>
    </ClInclude>
    <ClInclude Include="API\Vk\Src\vk_layer.h">
      <Filter>Header Files</Filter>
    </ClInclude>
    <ClInclude Include="API\Vk\Src\vk_platform.h">
      <Filter>Header Files</Filter>
    </ClInclude>
    <ClInclude Include="API\Vk\Src\vk_sdk_platform.h">
      <Filter>Header Files</Filter>
    </ClInclude>
    <ClInclude Include="API\Vk\Src\vulkan.h">
      <Filter>Header Files</Filter>
    </ClInclude>
    <ClInclude Include="API\Vk\Src\vulkan_core.h">
      <Filter>Header Files</Filter>
    </ClInclude>
    <ClInclude Include="API\Vk\Src\vulkan_win32.h">
      <Filter>Header Files</Filter>
    </ClInclude>
    <ClInclude Include="Renderer.h">
      <Filter>Header Files</Filter>
    </ClInclude>
    <ClInclude Include="API\Vk\VulkanDriver.h">
      <Filter>Header Files</Filter>
    </ClInclude>
    <ClInclude Include="RenderPlatform\API.h">
      <Filter>Header Files</Filter>
    </ClInclude>
    <ClInclude Include="Assets\Assets.h">
      <Filter>Header Files</Filter>
    </ClInclude>
    <ClInclude Include="API\Vk\Vk.h">
      <Filter>Header Files</Filter>
    </ClInclude>
    <ClInclude Include="API\Vk\Src\shaderc\env.h">
      <Filter>Header Files</Filter>
    </ClInclude>
    <ClInclude Include="API\Vk\Src\shaderc\status.h">
      <Filter>Header Files</Filter>
    </ClInclude>
    <ClInclude Include="API\Vk\Src\shaderc\visibility.h">
      <Filter>Header Files</Filter>
    </ClInclude>
    <ClInclude Include="API\Vk\Src\shaderc.h">
      <Filter>Header Files</Filter>
    </ClInclude>
    <ClInclude Include="API\Vk\Src\shaderc.hpp">
      <Filter>Header Files</Filter>
    </ClInclude>
    <ClInclude Include="API\Vk\ShaderToSPIRVCompiler.h">
      <Filter>Header Files</Filter>
    </ClInclude>
    <ClInclude Include="API\Context.h">
      <Filter>Header Files</Filter>
    </ClInclude>
    <ClInclude Include="API\RendererFlagBits.h">
      <Filter>Header Files</Filter>
    </ClInclude>
    <ClInclude Include="Assets\GPUHandles.h">
      <Filter>Header Files</Filter>
    </ClInclude>
    <ClInclude Include="API\Vk\vk_mem_alloc.h">
      <Filter>Header Files</Filter>
    </ClInclude>
    <ClInclude Include="External\stb\stb_image.h">
      <Filter>Header Files</Filter>
    </ClInclude>
    <ClInclude Include="External\cgltf\cgltf.h">
      <Filter>Header Files</Filter>
    </ClInclude>
    <ClInclude Include="RenderAbstracts\DescriptorSets.h">
      <Filter>Header Files</Filter>
    </ClInclude>
    <ClInclude Include="API\ShaderAttribute.h">
      <Filter>Header Files</Filter>
    </ClInclude>
    <ClInclude Include="RenderAbstracts\DrawCommand.h">
      <Filter>Header Files</Filter>
    </ClInclude>
    <ClInclude Include="RenderAbstracts\FrameGraph.h">
      <Filter>Header Files</Filter>
    </ClInclude>
    <ClInclude Include="Assets\Importer.h">
      <Filter>Header Files</Filter>
    </ClInclude>
    <ClInclude Include="RenderAbstracts\GPUMemory.h">
      <Filter>Header Files</Filter>
    </ClInclude>
    <ClInclude Include="RenderAbstracts\Primitives.h">
      <Filter>Header Files</Filter>
    </ClInclude>
    <ClInclude Include="RenderAbstracts\RenderMemory.h">
      <Filter>Header Files</Filter>
    </ClInclude>
    <ClInclude Include="API\Vk\Src\spirv_reflect.h">
      <Filter>Header Files</Filter>
    </ClInclude>
    <ClInclude Include="API\Vk\Src\spirv.h">
      <Filter>Header Files</Filter>
    </ClInclude>
    <ClInclude Include="API\Definitions.h">
      <Filter>Header Files</Filter>
    </ClInclude>
  </ItemGroup>
  <ItemGroup>
    <None Include="API\Vk\VkFuncDecl.inl" />
  </ItemGroup>
  <ItemGroup>
    <Natvis Include="vk_mem_alloc.natvis" />
  </ItemGroup>
</Project>